// !$*UTF8*$!
{
	archiveVersion = 1;
	classes = {
	};
	objectVersion = 52;
	objects = {

/* Begin PBXBuildFile section */
		2CD92CF9258B8B8200F85BE7 /* AppDelegate.swift in Sources */ = {isa = PBXBuildFile; fileRef = 2CD92CF8258B8B8200F85BE7 /* AppDelegate.swift */; };
		2CD92CFB258B8B8200F85BE7 /* SceneDelegate.swift in Sources */ = {isa = PBXBuildFile; fileRef = 2CD92CFA258B8B8200F85BE7 /* SceneDelegate.swift */; };
		2CD92D00258B8B8200F85BE7 /* Main.storyboard in Resources */ = {isa = PBXBuildFile; fileRef = 2CD92CFE258B8B8200F85BE7 /* Main.storyboard */; };
		2CD92D02258B8B8500F85BE7 /* Assets.xcassets in Resources */ = {isa = PBXBuildFile; fileRef = 2CD92D01258B8B8500F85BE7 /* Assets.xcassets */; };
		2CD92D05258B8B8500F85BE7 /* LaunchScreen.storyboard in Resources */ = {isa = PBXBuildFile; fileRef = 2CD92D03258B8B8500F85BE7 /* LaunchScreen.storyboard */; };
		2CD92D0F258B94FE00F85BE7 /* FirstTableViewController.swift in Sources */ = {isa = PBXBuildFile; fileRef = 2CD92D0E258B94FE00F85BE7 /* FirstTableViewController.swift */; };
		2CD92D12258BAB9500F85BE7 /* ConvertingJSON.swift in Sources */ = {isa = PBXBuildFile; fileRef = 2CD92D11258BAB9500F85BE7 /* ConvertingJSON.swift */; };
		2CD92D15258BC0A700F85BE7 /* CustomCellTableViewCell.swift in Sources */ = {isa = PBXBuildFile; fileRef = 2CD92D14258BC0A700F85BE7 /* CustomCellTableViewCell.swift */; };
		2CD92D19258BCD6400F85BE7 /* Kingfisher in Frameworks */ = {isa = PBXBuildFile; productRef = 2CD92D18258BCD6400F85BE7 /* Kingfisher */; };
/* End PBXBuildFile section */

/* Begin PBXFileReference section */
		2CD92CF5258B8B8200F85BE7 /* Swift5.app */ = {isa = PBXFileReference; explicitFileType = wrapper.application; includeInIndex = 0; path = Swift5.app; sourceTree = BUILT_PRODUCTS_DIR; };
		2CD92CF8258B8B8200F85BE7 /* AppDelegate.swift */ = {isa = PBXFileReference; lastKnownFileType = sourcecode.swift; path = AppDelegate.swift; sourceTree = "<group>"; };
		2CD92CFA258B8B8200F85BE7 /* SceneDelegate.swift */ = {isa = PBXFileReference; lastKnownFileType = sourcecode.swift; path = SceneDelegate.swift; sourceTree = "<group>"; };
		2CD92CFF258B8B8200F85BE7 /* Base */ = {isa = PBXFileReference; lastKnownFileType = file.storyboard; name = Base; path = Base.lproj/Main.storyboard; sourceTree = "<group>"; };
		2CD92D01258B8B8500F85BE7 /* Assets.xcassets */ = {isa = PBXFileReference; lastKnownFileType = folder.assetcatalog; path = Assets.xcassets; sourceTree = "<group>"; };
		2CD92D04258B8B8500F85BE7 /* Base */ = {isa = PBXFileReference; lastKnownFileType = file.storyboard; name = Base; path = Base.lproj/LaunchScreen.storyboard; sourceTree = "<group>"; };
		2CD92D06258B8B8500F85BE7 /* Info.plist */ = {isa = PBXFileReference; lastKnownFileType = text.plist.xml; path = Info.plist; sourceTree = "<group>"; };
		2CD92D0E258B94FE00F85BE7 /* FirstTableViewController.swift */ = {isa = PBXFileReference; lastKnownFileType = sourcecode.swift; path = FirstTableViewController.swift; sourceTree = "<group>"; };
		2CD92D11258BAB9500F85BE7 /* ConvertingJSON.swift */ = {isa = PBXFileReference; lastKnownFileType = sourcecode.swift; path = ConvertingJSON.swift; sourceTree = "<group>"; };
		2CD92D14258BC0A700F85BE7 /* CustomCellTableViewCell.swift */ = {isa = PBXFileReference; lastKnownFileType = sourcecode.swift; path = CustomCellTableViewCell.swift; sourceTree = "<group>"; };
/* End PBXFileReference section */

/* Begin PBXFrameworksBuildPhase section */
		2CD92CF2258B8B8200F85BE7 /* Frameworks */ = {
			isa = PBXFrameworksBuildPhase;
			buildActionMask = 2147483647;
			files = (
				2CD92D19258BCD6400F85BE7 /* Kingfisher in Frameworks */,
			);
			runOnlyForDeploymentPostprocessing = 0;
		};
/* End PBXFrameworksBuildPhase section */

/* Begin PBXGroup section */
		2CD92CEC258B8B8100F85BE7 = {
			isa = PBXGroup;
			children = (
				2CD92CF7258B8B8200F85BE7 /* Swift5 */,
				2CD92CF6258B8B8200F85BE7 /* Products */,
			);
			sourceTree = "<group>";
		};
		2CD92CF6258B8B8200F85BE7 /* Products */ = {
			isa = PBXGroup;
			children = (
				2CD92CF5258B8B8200F85BE7 /* Swift5.app */,
			);
			name = Products;
			sourceTree = "<group>";
		};
		2CD92CF7258B8B8200F85BE7 /* Swift5 */ = {
			isa = PBXGroup;
			children = (
				2CD92CF8258B8B8200F85BE7 /* AppDelegate.swift */,
				2CD92CFA258B8B8200F85BE7 /* SceneDelegate.swift */,
				2CD92CFE258B8B8200F85BE7 /* Main.storyboard */,
				2CD92D0E258B94FE00F85BE7 /* FirstTableViewController.swift */,
				2CD92D14258BC0A700F85BE7 /* CustomCellTableViewCell.swift */,
				2CD92D11258BAB9500F85BE7 /* ConvertingJSON.swift */,
				2CD92D01258B8B8500F85BE7 /* Assets.xcassets */,
				2CD92D03258B8B8500F85BE7 /* LaunchScreen.storyboard */,
				2CD92D06258B8B8500F85BE7 /* Info.plist */,
			);
			path = Swift5;
			sourceTree = "<group>";
		};
/* End PBXGroup section */

/* Begin PBXNativeTarget section */
		2CD92CF4258B8B8200F85BE7 /* Swift5 */ = {
			isa = PBXNativeTarget;
			buildConfigurationList = 2CD92D09258B8B8500F85BE7 /* Build configuration list for PBXNativeTarget "Swift5" */;
			buildPhases = (
				2CD92CF1258B8B8200F85BE7 /* Sources */,
				2CD92CF2258B8B8200F85BE7 /* Frameworks */,
				2CD92CF3258B8B8200F85BE7 /* Resources */,
			);
			buildRules = (
			);
			dependencies = (
			);
			name = Swift5;
			packageProductDependencies = (
				2CD92D18258BCD6400F85BE7 /* Kingfisher */,
			);
			productName = Swift5;
			productReference = 2CD92CF5258B8B8200F85BE7 /* Swift5.app */;
			productType = "com.apple.product-type.application";
		};
/* End PBXNativeTarget section */

/* Begin PBXProject section */
		2CD92CED258B8B8100F85BE7 /* Project object */ = {
			isa = PBXProject;
			attributes = {
				LastSwiftUpdateCheck = 1220;
				LastUpgradeCheck = 1220;
				TargetAttributes = {
					2CD92CF4258B8B8200F85BE7 = {
						CreatedOnToolsVersion = 12.2;
					};
				};
			};
			buildConfigurationList = 2CD92CF0258B8B8100F85BE7 /* Build configuration list for PBXProject "Swift5" */;
			compatibilityVersion = "Xcode 9.3";
			developmentRegion = en;
			hasScannedForEncodings = 0;
			knownRegions = (
				en,
				Base,
			);
			mainGroup = 2CD92CEC258B8B8100F85BE7;
			packageReferences = (
				2CD92D17258BCD6400F85BE7 /* XCRemoteSwiftPackageReference "Kingfisher" */,
			);
			productRefGroup = 2CD92CF6258B8B8200F85BE7 /* Products */;
			projectDirPath = "";
			projectRoot = "";
			targets = (
				2CD92CF4258B8B8200F85BE7 /* Swift5 */,
			);
		};
/* End PBXProject section */

/* Begin PBXResourcesBuildPhase section */
		2CD92CF3258B8B8200F85BE7 /* Resources */ = {
			isa = PBXResourcesBuildPhase;
			buildActionMask = 2147483647;
			files = (
				2CD92D05258B8B8500F85BE7 /* LaunchScreen.storyboard in Resources */,
				2CD92D02258B8B8500F85BE7 /* Assets.xcassets in Resources */,
				2CD92D00258B8B8200F85BE7 /* Main.storyboard in Resources */,
			);
			runOnlyForDeploymentPostprocessing = 0;
		};
/* End PBXResourcesBuildPhase section */

/* Begin PBXSourcesBuildPhase section */
		2CD92CF1258B8B8200F85BE7 /* Sources */ = {
			isa = PBXSourcesBuildPhase;
			buildActionMask = 2147483647;
			files = (
				2CD92D12258BAB9500F85BE7 /* ConvertingJSON.swift in Sources */,
				2CD92CF9258B8B8200F85BE7 /* AppDelegate.swift in Sources */,
				2CD92CFB258B8B8200F85BE7 /* SceneDelegate.swift in Sources */,
				2CD92D15258BC0A700F85BE7 /* CustomCellTableViewCell.swift in Sources */,
				2CD92D0F258B94FE00F85BE7 /* FirstTableViewController.swift in Sources */,
			);
			runOnlyForDeploymentPostprocessing = 0;
		};
/* End PBXSourcesBuildPhase section */

/* Begin PBXVariantGroup section */
		2CD92CFE258B8B8200F85BE7 /* Main.storyboard */ = {
			isa = PBXVariantGroup;
			children = (
				2CD92CFF258B8B8200F85BE7 /* Base */,
			);
			name = Main.storyboard;
			sourceTree = "<group>";
		};
		2CD92D03258B8B8500F85BE7 /* LaunchScreen.storyboard */ = {
			isa = PBXVariantGroup;
			children = (
				2CD92D04258B8B8500F85BE7 /* Base */,
			);
			name = LaunchScreen.storyboard;
			sourceTree = "<group>";
		};
/* End PBXVariantGroup section */

/* Begin XCBuildConfiguration section */
		2CD92D07258B8B8500F85BE7 /* Debug */ = {
			isa = XCBuildConfiguration;
			buildSettings = {
				ALWAYS_SEARCH_USER_PATHS = NO;
				CLANG_ANALYZER_NONNULL = YES;
				CLANG_ANALYZER_NUMBER_OBJECT_CONVERSION = YES_AGGRESSIVE;
				CLANG_CXX_LANGUAGE_STANDARD = "gnu++14";
				CLANG_CXX_LIBRARY = "libc++";
				CLANG_ENABLE_MODULES = YES;
				CLANG_ENABLE_OBJC_ARC = YES;
				CLANG_ENABLE_OBJC_WEAK = YES;
				CLANG_WARN_BLOCK_CAPTURE_AUTORELEASING = YES;
				CLANG_WARN_BOOL_CONVERSION = YES;
				CLANG_WARN_COMMA = YES;
				CLANG_WARN_CONSTANT_CONVERSION = YES;
				CLANG_WARN_DEPRECATED_OBJC_IMPLEMENTATIONS = YES;
				CLANG_WARN_DIRECT_OBJC_ISA_USAGE = YES_ERROR;
				CLANG_WARN_DOCUMENTATION_COMMENTS = YES;
				CLANG_WARN_EMPTY_BODY = YES;
				CLANG_WARN_ENUM_CONVERSION = YES;
				CLANG_WARN_INFINITE_RECURSION = YES;
				CLANG_WARN_INT_CONVERSION = YES;
				CLANG_WARN_NON_LITERAL_NULL_CONVERSION = YES;
				CLANG_WARN_OBJC_IMPLICIT_RETAIN_SELF = YES;
				CLANG_WARN_OBJC_LITERAL_CONVERSION = YES;
				CLANG_WARN_OBJC_ROOT_CLASS = YES_ERROR;
				CLANG_WARN_QUOTED_INCLUDE_IN_FRAMEWORK_HEADER = YES;
				CLANG_WARN_RANGE_LOOP_ANALYSIS = YES;
				CLANG_WARN_STRICT_PROTOTYPES = YES;
				CLANG_WARN_SUSPICIOUS_MOVE = YES;
				CLANG_WARN_UNGUARDED_AVAILABILITY = YES_AGGRESSIVE;
				CLANG_WARN_UNREACHABLE_CODE = YES;
				CLANG_WARN__DUPLICATE_METHOD_MATCH = YES;
				COPY_PHASE_STRIP = NO;
				DEBUG_INFORMATION_FORMAT = dwarf;
				ENABLE_STRICT_OBJC_MSGSEND = YES;
				ENABLE_TESTABILITY = YES;
				GCC_C_LANGUAGE_STANDARD = gnu11;
				GCC_DYNAMIC_NO_PIC = NO;
				GCC_NO_COMMON_BLOCKS = YES;
				GCC_OPTIMIZATION_LEVEL = 0;
				GCC_PREPROCESSOR_DEFINITIONS = (
					"DEBUG=1",
					"$(inherited)",
				);
				GCC_WARN_64_TO_32_BIT_CONVERSION = YES;
				GCC_WARN_ABOUT_RETURN_TYPE = YES_ERROR;
				GCC_WARN_UNDECLARED_SELECTOR = YES;
				GCC_WARN_UNINITIALIZED_AUTOS = YES_AGGRESSIVE;
				GCC_WARN_UNUSED_FUNCTION = YES;
				GCC_WARN_UNUSED_VARIABLE = YES;
				IPHONEOS_DEPLOYMENT_TARGET = 14.2;
				MTL_ENABLE_DEBUG_INFO = INCLUDE_SOURCE;
				MTL_FAST_MATH = YES;
				ONLY_ACTIVE_ARCH = YES;
				SDKROOT = iphoneos;
				SWIFT_ACTIVE_COMPILATION_CONDITIONS = DEBUG;
				SWIFT_OPTIMIZATION_LEVEL = "-Onone";
			};
			name = Debug;
		};
		2CD92D08258B8B8500F85BE7 /* Release */ = {
			isa = XCBuildConfiguration;
			buildSettings = {
				ALWAYS_SEARCH_USER_PATHS = NO;
				CLANG_ANALYZER_NONNULL = YES;
				CLANG_ANALYZER_NUMBER_OBJECT_CONVERSION = YES_AGGRESSIVE;
				CLANG_CXX_LANGUAGE_STANDARD = "gnu++14";
				CLANG_CXX_LIBRARY = "libc++";
				CLANG_ENABLE_MODULES = YES;
				CLANG_ENABLE_OBJC_ARC = YES;
				CLANG_ENABLE_OBJC_WEAK = YES;
				CLANG_WARN_BLOCK_CAPTURE_AUTORELEASING = YES;
				CLANG_WARN_BOOL_CONVERSION = YES;
				CLANG_WARN_COMMA = YES;
				CLANG_WARN_CONSTANT_CONVERSION = YES;
				CLANG_WARN_DEPRECATED_OBJC_IMPLEMENTATIONS = YES;
				CLANG_WARN_DIRECT_OBJC_ISA_USAGE = YES_ERROR;
				CLANG_WARN_DOCUMENTATION_COMMENTS = YES;
				CLANG_WARN_EMPTY_BODY = YES;
				CLANG_WARN_ENUM_CONVERSION = YES;
				CLANG_WARN_INFINITE_RECURSION = YES;
				CLANG_WARN_INT_CONVERSION = YES;
				CLANG_WARN_NON_LITERAL_NULL_CONVERSION = YES;
				CLANG_WARN_OBJC_IMPLICIT_RETAIN_SELF = YES;
				CLANG_WARN_OBJC_LITERAL_CONVERSION = YES;
				CLANG_WARN_OBJC_ROOT_CLASS = YES_ERROR;
				CLANG_WARN_QUOTED_INCLUDE_IN_FRAMEWORK_HEADER = YES;
				CLANG_WARN_RANGE_LOOP_ANALYSIS = YES;
				CLANG_WARN_STRICT_PROTOTYPES = YES;
				CLANG_WARN_SUSPICIOUS_MOVE = YES;
				CLANG_WARN_UNGUARDED_AVAILABILITY = YES_AGGRESSIVE;
				CLANG_WARN_UNREACHABLE_CODE = YES;
				CLANG_WARN__DUPLICATE_METHOD_MATCH = YES;
				COPY_PHASE_STRIP = NO;
				DEBUG_INFORMATION_FORMAT = "dwarf-with-dsym";
				ENABLE_NS_ASSERTIONS = NO;
				ENABLE_STRICT_OBJC_MSGSEND = YES;
				GCC_C_LANGUAGE_STANDARD = gnu11;
				GCC_NO_COMMON_BLOCKS = YES;
				GCC_WARN_64_TO_32_BIT_CONVERSION = YES;
				GCC_WARN_ABOUT_RETURN_TYPE = YES_ERROR;
				GCC_WARN_UNDECLARED_SELECTOR = YES;
				GCC_WARN_UNINITIALIZED_AUTOS = YES_AGGRESSIVE;
				GCC_WARN_UNUSED_FUNCTION = YES;
				GCC_WARN_UNUSED_VARIABLE = YES;
				IPHONEOS_DEPLOYMENT_TARGET = 14.2;
				MTL_ENABLE_DEBUG_INFO = NO;
				MTL_FAST_MATH = YES;
				SDKROOT = iphoneos;
				SWIFT_COMPILATION_MODE = wholemodule;
				SWIFT_OPTIMIZATION_LEVEL = "-O";
				VALIDATE_PRODUCT = YES;
			};
			name = Release;
		};
		2CD92D0A258B8B8500F85BE7 /* Debug */ = {
			isa = XCBuildConfiguration;
			buildSettings = {
				ASSETCATALOG_COMPILER_APPICON_NAME = AppIcon;
				ASSETCATALOG_COMPILER_GLOBAL_ACCENT_COLOR_NAME = AccentColor;
				CODE_SIGN_STYLE = Automatic;
				DEVELOPMENT_TEAM = B3KLBR624F;
				INFOPLIST_FILE = Swift5/Info.plist;
				LD_RUNPATH_SEARCH_PATHS = (
					"$(inherited)",
					"@executable_path/Frameworks",
				);
				PRODUCT_BUNDLE_IDENTIFIER = com.swift.SergeyGolenko.MyLocationsApp.Swift5;
				PRODUCT_NAME = "$(TARGET_NAME)";
				SWIFT_VERSION = 5.0;
				TARGETED_DEVICE_FAMILY = "1,2";
			};
			name = Debug;
		};
		2CD92D0B258B8B8500F85BE7 /* Release */ = {
			isa = XCBuildConfiguration;
			buildSettings = {
				ASSETCATALOG_COMPILER_APPICON_NAME = AppIcon;
				ASSETCATALOG_COMPILER_GLOBAL_ACCENT_COLOR_NAME = AccentColor;
				CODE_SIGN_STYLE = Automatic;
				DEVELOPMENT_TEAM = B3KLBR624F;
				INFOPLIST_FILE = Swift5/Info.plist;
				LD_RUNPATH_SEARCH_PATHS = (
					"$(inherited)",
					"@executable_path/Frameworks",
				);
				PRODUCT_BUNDLE_IDENTIFIER = com.swift.SergeyGolenko.MyLocationsApp.Swift5;
				PRODUCT_NAME = "$(TARGET_NAME)";
				SWIFT_VERSION = 5.0;
				TARGETED_DEVICE_FAMILY = "1,2";
			};
			name = Release;
		};
/* End XCBuildConfiguration section */

/* Begin XCConfigurationList section */
		2CD92CF0258B8B8100F85BE7 /* Build configuration list for PBXProject "Swift5" */ = {
			isa = XCConfigurationList;
			buildConfigurations = (
				2CD92D07258B8B8500F85BE7 /* Debug */,
				2CD92D08258B8B8500F85BE7 /* Release */,
			);
			defaultConfigurationIsVisible = 0;
			defaultConfigurationName = Release;
		};
		2CD92D09258B8B8500F85BE7 /* Build configuration list for PBXNativeTarget "Swift5" */ = {
			isa = XCConfigurationList;
			buildConfigurations = (
				2CD92D0A258B8B8500F85BE7 /* Debug */,
				2CD92D0B258B8B8500F85BE7 /* Release */,
			);
			defaultConfigurationIsVisible = 0;
			defaultConfigurationName = Release;
		};
/* End XCConfigurationList section */

/* Begin XCRemoteSwiftPackageReference section */
		2CD92D17258BCD6400F85BE7 /* XCRemoteSwiftPackageReference "Kingfisher" */ = {
			isa = XCRemoteSwiftPackageReference;
			repositoryURL = "https://github.com/onevcat/Kingfisher.git";
			requirement = {
				kind = upToNextMajorVersion;
				minimumVersion = 5.15.8;
			};
		};
/* End XCRemoteSwiftPackageReference section */

/* Begin XCSwiftPackageProductDependency section */
		2CD92D18258BCD6400F85BE7 /* Kingfisher */ = {
			isa = XCSwiftPackageProductDependency;
			package = 2CD92D17258BCD6400F85BE7 /* XCRemoteSwiftPackageReference "Kingfisher" */;
			productName = Kingfisher;
		};
/* End XCSwiftPackageProductDependency section */
	};
	rootObject = 2CD92CED258B8B8100F85BE7 /* Project object */;
}
